version = 1
revision = 3
requires-python = ">=3.10"

[[package]]
name = "kreuzberg"
version = "4.7.1"
source = { registry = "https://pypi.org/simple" }
sdist = { url = "https://files.pythonhosted.org/packages/b3/a0/4221b4cf2c3d5a6b745a2cdcb154eabff6939bb7356a4989b0460ff39750/kreuzberg-4.7.1.tar.gz", hash = "sha256:8885d6d10c46a21238df734773269dfab3438f1943852867d0b726b980f01eac", size = 2317390, upload-time = "2026-04-03T21:10:48.41Z" }
wheels = [
    { url = "https://files.pythonhosted.org/packages/b7/55/79aa58a5362d5653c052815fc58df7a2261d5bf823f45f9be04e9b56e82c/kreuzberg-4.7.1-cp310-abi3-macosx_14_0_arm64.whl", hash = "sha256:7cf2c961e984846e0464a97b1a1dbd652b311190452376988aa388e749ba0ed9", size = 53236998, upload-time = "2026-04-03T21:10:31.785Z" },
    { url = "https://files.pythonhosted.org/packages/86/0e/ac39a6a18ecd729c1f4809cfe840d24851b247314b92a5272ed562b7f392/kreuzberg-4.7.1-cp310-abi3-manylinux_2_28_aarch64.whl", hash = "sha256:7377efffcdba4987589f60232bf078875c422b90033c72a3c26b759e43950d59", size = 51900301, upload-time = "2026-04-03T21:10:36.158Z" },
    { url = "https://files.pythonhosted.org/packages/1e/f2/71b3edd5b7bd8ec096cc3846a20a381602e20cb7087e4ced0d8d1543e518/kreuzberg-4.7.1-cp310-abi3-manylinux_2_28_x86_64.whl", hash = "sha256:d688e3f9e1df690cddb34e687bbea7ccc6ee5327a38840e91d0f71f2bac3c586", size = 54549335, upload-time = "2026-04-03T21:10:40.587Z" },
    { url = "https://files.pythonhosted.org/packages/b3/4a/55db08c6752d927c83909c87d26f61d765b343e1e8e90d5f8a2820b26d80/kreuzberg-4.7.1-cp310-abi3-win_amd64.whl", hash = "sha256:517f05db4d4a683740c54ad9ca832b7ffcc055af2e1b43384c1416bebbf6d8ae", size = 61438513, upload-time = "2026-04-03T21:10:44.834Z" },
]

[[package]]
name = "kreuzberg-test-app-python"
version = "4.7.1"
source = { virtual = "." }
dependencies = [
    { name = "kreuzberg" },
]

[package.metadata]
requires-dist = [{ name = "kreuzberg", specifier = "==4.7.1" }]
